
Microsoft Visual Studio Solution File, Format Version 12.00
# Visual Studio Version 16
VisualStudioVersion = 16.0.30804.86
MinimumVisualStudioVersion = 10.0.40219.1
Project("{FAE04EC0-301F-11D3-BF4B-00C04F79EFBC}") = "BestFashionShop", "BestFashionShop\BestFashionShop.csproj", "{25B24DFB-F949-4D6D-B308-A79177D94F10}"
EndProject
Project("{FAE04EC0-301F-11D3-BF4B-00C04F79EFBC}") = "Common", "Common\Common.csproj", "{27E5033A-2213-4ACC-9020-8F26163034BA}"
EndProject
Project("{FAE04EC0-301F-11D3-BF4B-00C04F79EFBC}") = "BestFashionShop.DAL", "BestFashionShop.DAL\BestFashionShop.DAL.csproj", "{4824563E-7101-45A3-8147-6262A753EB54}"
EndProject
Global
	GlobalSection(SolutionConfigurationPlatforms) = preSolution
		Debug|Any CPU = Debug|Any CPU
		Release|Any CPU = Release|Any CPU
	EndGlobalSection
	GlobalSection(ProjectConfigurationPlatforms) = postSolution
		{25B24DFB-F949-4D6D-B308-A79177D94F10}.Debug|Any CPU.ActiveCfg = Debug|Any CPU
		{25B24DFB-F949-4D6D-B308-A79177D94F10}.Debug|Any CPU.Build.0 = Debug|Any CPU
		{25B24DFB-F949-4D6D-B308-A79177D94F10}.Release|Any CPU.ActiveCfg = Release|Any CPU
		{25B24DFB-F949-4D6D-B308-A79177D94F10}.Release|Any CPU.Build.0 = Release|Any CPU
		{27E5033A-2213-4ACC-9020-8F26163034BA}.Debug|Any CPU.ActiveCfg = Debug|Any CPU
		{27E5033A-2213-4ACC-9020-8F26163034BA}.Debug|Any CPU.Build.0 = Debug|Any CPU
		{27E5033A-2213-4ACC-9020-8F26163034BA}.Release|Any CPU.ActiveCfg = Release|Any CPU
		{27E5033A-2213-4ACC-9020-8F26163034BA}.Release|Any CPU.Build.0 = Release|Any CPU
		{4824563E-7101-45A3-8147-6262A753EB54}.Debug|Any CPU.ActiveCfg = Debug|Any CPU
		{4824563E-7101-45A3-8147-6262A753EB54}.Debug|Any CPU.Build.0 = Debug|Any CPU
		{4824563E-7101-45A3-8147-6262A753EB54}.Release|Any CPU.ActiveCfg = Release|Any CPU
		{4824563E-7101-45A3-8147-6262A753EB54}.Release|Any CPU.Build.0 = Release|Any CPU
	EndGlobalSection
	GlobalSection(SolutionProperties) = preSolution
		HideSolutionNode = FALSE
	EndGlobalSection
	GlobalSection(ExtensibilityGlobals) = postSolution
		SolutionGuid = {B26D561B-46F7-40F5-8634-2CE8D9E40324}
	EndGlobalSection
EndGlobal
